Microsoft Visual Studio Solution File, Format Version 12.00
# Visual Studio Version 17
VisualStudioVersion = 17.13.35818.85
MinimumVisualStudioVersion = 10.0.40219.1
Project("{FAE04EC0-301F-11D3-BF4B-00C04F79EFBC}") = "Cadastro", "Cadastro\Cadastro.csproj", "{B1F799F1-A1A2-46AC-88AB-FD18E9AB3B87}"
EndProject
Global
	GlobalSection(SolutionConfigurationPlatforms) = preSolution
		Debug|Any CPU = Debug|Any CPU
		Release|Any CPU = Release|Any CPU
	EndGlobalSection
	GlobalSection(ProjectConfigurationPlatforms) = postSolution
		{B1F799F1-A1A2-46AC-88AB-FD18E9AB3B87}.Debug|Any CPU.ActiveCfg = Debug|Any CPU
		{B1F799F1-A1A2-46AC-88AB-FD18E9AB3B87}.Debug|Any CPU.Build.0 = Debug|Any CPU
		{B1F799F1-A1A2-46AC-88AB-FD18E9AB3B87}.Release|Any CPU.ActiveCfg = Release|Any CPU
		{B1F799F1-A1A2-46AC-88AB-FD18E9AB3B87}.Release|Any CPU.Build.0 = Release|Any CPU
	EndGlobalSection
	GlobalSection(SolutionProperties) = preSolution
		HideSolutionNode = FALSE
	EndGlobalSection
	GlobalSection(ExtensibilityGlobals) = postSolution
		SolutionGuid = {9E024558-30A1-47AF-8FFA-5FD3D601260A}
	EndGlobalSection
EndGlobal
